<?xml version="1.0" encoding="utf-8"?>
<Project ToolsVersion="4.0" xmlns="http://schemas.microsoft.com/developer/msbuild/2003">
  <ItemGroup>
    <Filter Include="Source Files">
      <UniqueIdentifier>{4FC737F1-C7A5-4376-A066-2A32D752A2FF}</UniqueIdentifier>
      <Extensions>cpp;c;cc;cxx;c++;cppm;ixx;def;odl;idl;hpj;bat;asm;asmx</Extensions>
    </Filter>
    <Filter Include="Header Files">
      <UniqueIdentifier>{93995380-89BD-4b04-88EB-625FBE52EBFB}</UniqueIdentifier>
      <Extensions>h;hh;hpp;hxx;h++;hm;inl;inc;ipp;xsd</Extensions>
    </Filter>
    <Filter Include="Resource Files">
      <UniqueIdentifier>{67DA6AB6-F800-4c08-8B7A-83BB121AAD01}</UniqueIdentifier>
      <Extensions>rc;ico;cur;bmp;dlg;rc2;rct;bin;rgs;gif;jpg;jpeg;jpe;resx;tiff;tif;png;wav;mfcribbon-ms</Extensions>
    </Filter>
    <Filter Include="SceneGraph">
      <UniqueIdentifier>{9e973708-494e-40ef-850e-90bc8be44ccc}</UniqueIdentifier>
    </Filter>
    <Filter Include="SceneGraph\Nodes">
      <UniqueIdentifier>{72188105-785f-4264-95c3-320c36b1149d}</UniqueIdentifier>
    </Filter>
    <Filter Include="Components">
      <UniqueIdentifier>{d6ce4e59-cecb-41ff-a107-1dff8eb424ce}</UniqueIdentifier>
    </Filter>
    <Filter Include="Import">
      <UniqueIdentifier>{99c3061e-0a60-46ff-9b9d-bb12a210c82c}</UniqueIdentifier>
    </Filter>
    <Filter Include="Material">
      <UniqueIdentifier>{a688b913-3c96-4c09-bba8-510f292c798d}</UniqueIdentifier>
    </Filter>
    <Filter Include="Texture">
      <UniqueIdentifier>{b015b937-f907-40e9-9cef-c7e2282fbab0}</UniqueIdentifier>
    </Filter>
    <Filter Include="RenderTarget">
      <UniqueIdentifier>{91c88f3c-f888-45af-8ab8-b98cead6db7f}</UniqueIdentifier>
    </Filter>
    <Filter Include="Renderers">
      <UniqueIdentifier>{c19fe529-a106-4e83-9156-d68b0c50d0ac}</UniqueIdentifier>
    </Filter>
    <Filter Include="Animation">
      <UniqueIdentifier>{f76beb9a-3db5-4749-ba17-7d201486f2a8}</UniqueIdentifier>
    </Filter>
  </ItemGroup>
  <ItemGroup>
    <ClInclude Include="framework.h">
      <Filter>Header Files</Filter>
    </ClInclude>
    <ClInclude Include="pch.h">
      <Filter>Header Files</Filter>
    </ClInclude>
    <ClInclude Include="Vivid.h">
      <Filter>Header Files</Filter>
    </ClInclude>
    <ClInclude Include="SceneGraph.h">
      <Filter>SceneGraph</Filter>
    </ClInclude>
    <ClInclude Include="GraphNode.h">
      <Filter>SceneGraph</Filter>
    </ClInclude>
    <ClInclude Include="Component.h">
      <Filter>Components</Filter>
    </ClInclude>
    <ClInclude Include="StaticMeshComponent.h">
      <Filter>Components</Filter>
    </ClInclude>
    <ClInclude Include="Importer.h">
      <Filter>Import</Filter>
    </ClInclude>
    <ClInclude Include="RenderMaterial.h">
      <Filter>Material</Filter>
    </ClInclude>
    <ClInclude Include="MaterialBasic3D.h">
      <Filter>Material</Filter>
    </ClInclude>
    <ClInclude Include="StaticRendererComponent.h">
      <Filter>Components</Filter>
    </ClInclude>
    <ClInclude Include="CameraComponent.h">
      <Filter>Components</Filter>
    </ClInclude>
    <ClInclude Include="LightComponent.h">
      <Filter>Components</Filter>
    </ClInclude>
    <ClInclude Include="MaterialPBR.h">
      <Filter>Material</Filter>
    </ClInclude>
    <ClInclude Include="Texture2D.h">
      <Filter>Texture</Filter>
    </ClInclude>
    <ClInclude Include="TextureCube.h">
      <Filter>Texture</Filter>
    </ClInclude>
    <ClInclude Include="VFile.h">
      <Filter>Header Files</Filter>
    </ClInclude>
    <ClInclude Include="StaticDepthRendererComponent.h">
      <Filter>Components</Filter>
    </ClInclude>
    <ClInclude Include="MaterialDepth.h">
      <Filter>Material</Filter>
    </ClInclude>
    <ClInclude Include="RenderTargetCube.h">
      <Filter>RenderTarget</Filter>
    </ClInclude>
    <ClInclude Include="CubeRenderer.h">
      <Filter>Material</Filter>
    </ClInclude>
    <ClInclude Include="Animator.h">
      <Filter>Animation</Filter>
    </ClInclude>
    <ClInclude Include="Bone.h">
      <Filter>Animation</Filter>
    </ClInclude>
    <ClInclude Include="BoneInfo.h">
      <Filter>Animation</Filter>
    </ClInclude>
    <ClInclude Include="Animation.h">
      <Filter>Animation</Filter>
    </ClInclude>
    <ClInclude Include="MathsHelp.h">
      <Filter>Header Files</Filter>
    </ClInclude>
    <ClInclude Include="SkeletalMeshComponent.h">
      <Filter>Components</Filter>
    </ClInclude>
    <ClInclude Include="SkeletalRendererComponent.h">
      <Filter>Components</Filter>
    </ClInclude>
    <ClInclude Include="MaterialSkeletal.h">
      <Filter>Material</Filter>
    </ClInclude>
    <ClInclude Include="SkeletalDepthRendererComponent.h">
      <Filter>Components</Filter>
    </ClInclude>
    <ClInclude Include="MaterialSkeletalDepth.h">
      <Filter>Material</Filter>
    </ClInclude>
  </ItemGroup>
  <ItemGroup>
    <ClCompile Include="VividEngine.cpp">
      <Filter>Source Files</Filter>
    </ClCompile>
    <ClCompile Include="pch.cpp">
      <Filter>Source Files</Filter>
    </ClCompile>
    <ClCompile Include="Vivid.cpp">
      <Filter>Source Files</Filter>
    </ClCompile>
    <ClCompile Include="SceneGraph.cpp">
      <Filter>SceneGraph</Filter>
    </ClCompile>
    <ClCompile Include="GraphNode.cpp">
      <Filter>SceneGraph</Filter>
    </ClCompile>
    <ClCompile Include="Component.cpp">
      <Filter>Components</Filter>
    </ClCompile>
    <ClCompile Include="StaticMeshComponent.cpp">
      <Filter>Components</Filter>
    </ClCompile>
    <ClCompile Include="Importer.cpp">
      <Filter>Import</Filter>
    </ClCompile>
    <ClCompile Include="RenderMaterial.cpp">
      <Filter>Material</Filter>
    </ClCompile>
    <ClCompile Include="MaterialBasic3D.cpp">
      <Filter>Material</Filter>
    </ClCompile>
    <ClCompile Include="StaticRendererComponent.cpp">
      <Filter>Components</Filter>
    </ClCompile>
    <ClCompile Include="CameraComponent.cpp">
      <Filter>Components</Filter>
    </ClCompile>
    <ClCompile Include="LightComponent.cpp">
      <Filter>Components</Filter>
    </ClCompile>
    <ClCompile Include="MaterialPBR.cpp">
      <Filter>Material</Filter>
    </ClCompile>
    <ClCompile Include="Texture2D.cpp">
      <Filter>Texture</Filter>
    </ClCompile>
    <ClCompile Include="TextureCube.cpp">
      <Filter>Texture</Filter>
    </ClCompile>
    <ClCompile Include="VFile.cpp">
      <Filter>Source Files</Filter>
    </ClCompile>
    <ClCompile Include="StaticDepthRendererComponent.cpp">
      <Filter>Components</Filter>
    </ClCompile>
    <ClCompile Include="MaterialDepth.cpp">
      <Filter>Material</Filter>
    </ClCompile>
    <ClCompile Include="RenderTargetCube.cpp">
      <Filter>RenderTarget</Filter>
    </ClCompile>
    <ClCompile Include="CubeRenderer.cpp">
      <Filter>Renderers</Filter>
    </ClCompile>
    <ClCompile Include="Animation.cpp">
      <Filter>Animation</Filter>
    </ClCompile>
    <ClCompile Include="Animator.cpp">
      <Filter>Animation</Filter>
    </ClCompile>
    <ClCompile Include="Bone.cpp">
      <Filter>Animation</Filter>
    </ClCompile>
    <ClCompile Include="BoneInfo.cpp">
      <Filter>Animation</Filter>
    </ClCompile>
    <ClCompile Include="MathsHelp.cpp">
      <Filter>Source Files</Filter>
    </ClCompile>
    <ClCompile Include="SkeletalMeshComponent.cpp">
      <Filter>Components</Filter>
    </ClCompile>
    <ClCompile Include="SkeletalRendererComponent.cpp">
      <Filter>Components</Filter>
    </ClCompile>
    <ClCompile Include="MaterialSkeletal.cpp">
      <Filter>Material</Filter>
    </ClCompile>
    <ClCompile Include="SkeletalDepthRendererComponent.cpp">
      <Filter>Components</Filter>
    </ClCompile>
    <ClCompile Include="MaterialSkeletalDepth.cpp">
      <Filter>Material</Filter>
    </ClCompile>
  </ItemGroup>
  <ItemGroup>
    <None Include="packages.config" />
  </ItemGroup>
</Project>