<?xml version="1.0" encoding="utf-8"?>
<Project ToolsVersion="4.0" xmlns="http://schemas.microsoft.com/developer/msbuild/2003">
  <ItemGroup>
    <Filter Include="Source Files">
      <UniqueIdentifier>{4FC737F1-C7A5-4376-A066-2A32D752A2FF}</UniqueIdentifier>
      <Extensions>qml;cpp;c;cc;cxx;def;odl;idl;hpj;bat;asm;asmx</Extensions>
    </Filter>
    <Filter Include="Header Files">
      <UniqueIdentifier>{93995380-89BD-4b04-88EB-625FBE52EBFB}</UniqueIdentifier>
      <Extensions>h;hh;hpp;hxx;hm;inl;inc;xsd</Extensions>
    </Filter>
    <Filter Include="Resource Files">
      <UniqueIdentifier>{67DA6AB6-F800-4c08-8B7A-83BB121AAD01}</UniqueIdentifier>
      <Extensions>qrc;rc;ico;cur;bmp;dlg;rc2;rct;bin;rgs;gif;jpg;jpeg;jpe;resx;tiff;tif;png;wav;mfcribbon-ms</Extensions>
    </Filter>
    <Filter Include="Form Files">
      <UniqueIdentifier>{99349809-55BA-4b9d-BF79-8FDBB0286EB3}</UniqueIdentifier>
      <Extensions>ui</Extensions>
    </Filter>
    <Filter Include="Translation Files">
      <UniqueIdentifier>{639EADAA-A684-42e4-A9AD-28FC9BCB8F7C}</UniqueIdentifier>
      <Extensions>ts</Extensions>
    </Filter>
    <Filter Include="Props">
      <UniqueIdentifier>{09af778f-83c1-4bf9-b767-07e13d4ca36a}</UniqueIdentifier>
    </Filter>
    <Filter Include="Controllers">
      <UniqueIdentifier>{9950b8b6-1e22-47cb-a28e-6822a4285dcd}</UniqueIdentifier>
    </Filter>
    <Filter Include="Controllers\Gizmo">
      <UniqueIdentifier>{6c6ec25c-8efd-4ffb-a140-1d9fdf8d5655}</UniqueIdentifier>
    </Filter>
  </ItemGroup>
  <ItemGroup>
    <QtRcc Include="Vivid3D.qrc">
      <Filter>Resource Files</Filter>
    </QtRcc>
    <QtUic Include="Vivid3D.ui">
      <Filter>Form Files</Filter>
    </QtUic>
    <QtMoc Include="Vivid3D.h">
      <Filter>Header Files</Filter>
    </QtMoc>
    <ClCompile Include="Vivid3D.cpp">
      <Filter>Source Files</Filter>
    </ClCompile>
    <None Include="Vivid3D.ico">
      <Filter>Resource Files</Filter>
    </None>
    <ResourceCompile Include="Vivid3D.rc">
      <Filter>Resource Files</Filter>
    </ResourceCompile>
  </ItemGroup>
  <ItemGroup>
    <ClCompile Include="main.cpp">
      <Filter>Source Files</Filter>
    </ClCompile>
    <ClCompile Include="SceneView.cpp">
      <Filter>Source Files</Filter>
    </ClCompile>
    <ClCompile Include="PropertyVec3.cpp">
      <Filter>Props</Filter>
    </ClCompile>
    <ClCompile Include="PropertyText.cpp">
      <Filter>Props</Filter>
    </ClCompile>
    <ClCompile Include="PropertySlider.cpp">
      <Filter>Props</Filter>
    </ClCompile>
    <ClCompile Include="PropertyFloat.cpp">
      <Filter>Props</Filter>
    </ClCompile>
    <ClCompile Include="PropertyHeader.cpp">
      <Filter>Props</Filter>
    </ClCompile>
    <ClCompile Include="PropertiesEditor.cpp">
      <Filter>Props</Filter>
    </ClCompile>
    <ClCompile Include="CameraController.cpp">
      <Filter>Controllers</Filter>
    </ClCompile>
    <ClCompile Include="SceneController.cpp">
      <Filter>Controllers</Filter>
    </ClCompile>
    <ClCompile Include="MainToolBar.cpp">
      <Filter>Source Files</Filter>
    </ClCompile>
    <ClCompile Include="MainMenu.cpp">
      <Filter>Source Files</Filter>
    </ClCompile>
    <ClCompile Include="SceneGizmo.cpp">
      <Filter>Controllers\Gizmo</Filter>
    </ClCompile>
    <ClCompile Include="TranslateGizmo.cpp">
      <Filter>Controllers\Gizmo</Filter>
    </ClCompile>
    <ClCompile Include="RotateGizmo.cpp">
      <Filter>Controllers\Gizmo</Filter>
    </ClCompile>
    <ClCompile Include="ScaleGizmo.cpp">
      <Filter>Controllers\Gizmo</Filter>
    </ClCompile>
    <ClCompile Include="PropertyInt.cpp">
      <Filter>Props</Filter>
    </ClCompile>
    <ClCompile Include="NodeTree.cpp">
      <Filter>Source Files</Filter>
    </ClCompile>
    <ClCompile Include="SceneGrid.cpp">
      <Filter>Source Files</Filter>
    </ClCompile>
    <ClCompile Include="SceneSelectionOverlay.cpp">
      <Filter>Source Files</Filter>
    </ClCompile>
    <ClCompile Include="ContentBrowser.cpp">
      <Filter>Source Files</Filter>
    </ClCompile>
    <ClCompile Include="Content.cpp">
      <Filter>Source Files</Filter>
    </ClCompile>
    <ClCompile Include="SearchWidget.cpp">
      <Filter>Source Files</Filter>
    </ClCompile>
    <ClCompile Include="PropertyStringList.cpp">
      <Filter>Source Files</Filter>
    </ClCompile>
    <ClCompile Include="PropertyNode.cpp">
      <Filter>Props</Filter>
    </ClCompile>
    <ClCompile Include="PropertyTexture.cpp">
      <Filter>Source Files</Filter>
    </ClCompile>
    <ClCompile Include="TerrainEditor.cpp">
      <Filter>Source Files</Filter>
    </ClCompile>
    <ClCompile Include="LogicGraph.cpp">
      <Filter>Source Files</Filter>
    </ClCompile>
    <ClCompile Include="LGProperties.cpp">
      <Filter>Source Files</Filter>
    </ClCompile>
    <ClCompile Include="LGDesigner.cpp">
      <Filter>Source Files</Filter>
    </ClCompile>
    <ClCompile Include="LogicGraphMenu.cpp">
      <Filter>Source Files</Filter>
    </ClCompile>
    <ClCompile Include="PropertyButton.cpp">
      <Filter>Props</Filter>
    </ClCompile>
    <ClCompile Include="ComponentSelector.cpp">
      <Filter>Source Files</Filter>
    </ClCompile>
    <ClCompile Include="ConsoleOutput.cpp">
      <Filter>Source Files</Filter>
    </ClCompile>
    <ClCompile Include="LGNode.cpp">
      <Filter>Source Files</Filter>
    </ClCompile>
    <ClCompile Include="SocketWidget.cpp">
      <Filter>Source Files</Filter>
    </ClCompile>
    <ClCompile Include="ConnectionItem.cpp">
      <Filter>Source Files</Filter>
    </ClCompile>
    <ClCompile Include="NodeCreationWidget.cpp">
      <Filter>Source Files</Filter>
    </ClCompile>
  </ItemGroup>
  <ItemGroup>
    <QtMoc Include="SceneView.h">
      <Filter>Header Files</Filter>
    </QtMoc>
    <QtMoc Include="PropertyVec3.h">
      <Filter>Props</Filter>
    </QtMoc>
    <QtMoc Include="PropertyText.h">
      <Filter>Props</Filter>
    </QtMoc>
    <QtMoc Include="PropertySlider.h">
      <Filter>Props</Filter>
    </QtMoc>
    <QtMoc Include="PropertyFloat.h">
      <Filter>Props</Filter>
    </QtMoc>
    <QtMoc Include="PropertyHeader.h">
      <Filter>Props</Filter>
    </QtMoc>
    <QtMoc Include="PropertiesEditor.h">
      <Filter>Props</Filter>
    </QtMoc>
    <QtMoc Include="MainToolBar.h">
      <Filter>Header Files</Filter>
    </QtMoc>
    <QtMoc Include="MainMenu.h">
      <Filter>Header Files</Filter>
    </QtMoc>
    <QtMoc Include="PropertyInt.h">
      <Filter>Props</Filter>
    </QtMoc>
    <QtMoc Include="NodeTree.h">
      <Filter>Header Files</Filter>
    </QtMoc>
    <QtMoc Include="ContentBrowser.h">
      <Filter>Header Files</Filter>
    </QtMoc>
    <QtMoc Include="Content.h">
      <Filter>Header Files</Filter>
    </QtMoc>
    <QtMoc Include="SearchWidget.h">
      <Filter>Header Files</Filter>
    </QtMoc>
    <QtMoc Include="PropertyStringList.h">
      <Filter>Header Files</Filter>
    </QtMoc>
    <QtMoc Include="PropertyNode.h">
      <Filter>Props</Filter>
    </QtMoc>
    <QtMoc Include="PropertyTexture.h">
      <Filter>Header Files</Filter>
    </QtMoc>
    <QtMoc Include="LogicGraph.h">
      <Filter>Header Files</Filter>
    </QtMoc>
    <QtMoc Include="LGProperties.h">
      <Filter>Header Files</Filter>
    </QtMoc>
    <QtMoc Include="LGDesigner.h">
      <Filter>Header Files</Filter>
    </QtMoc>
    <QtMoc Include="LogicGraphMenu.h">
      <Filter>Header Files</Filter>
    </QtMoc>
    <QtMoc Include="PropertyButton.h">
      <Filter>Props</Filter>
    </QtMoc>
    <QtMoc Include="ComponentSelector.h">
      <Filter>Header Files</Filter>
    </QtMoc>
    <QtMoc Include="ConsoleOutput.h">
      <Filter>Header Files</Filter>
    </QtMoc>
    <QtMoc Include="LGNode.h">
      <Filter>Header Files</Filter>
    </QtMoc>
    <QtMoc Include="SocketWidget.h">
      <Filter>Header Files</Filter>
    </QtMoc>
    <QtMoc Include="NodeCreationWidget.h">
      <Filter>Header Files</Filter>
    </QtMoc>
  </ItemGroup>
  <ItemGroup>
    <QtUic Include="SceneView.ui">
      <Filter>Form Files</Filter>
    </QtUic>
    <QtUic Include="PropertiesEditor.ui">
      <Filter>Form Files</Filter>
    </QtUic>
    <QtUic Include="PropertyVec3.ui">
      <Filter>Form Files</Filter>
    </QtUic>
    <QtUic Include="PropertyText.ui">
      <Filter>Form Files</Filter>
    </QtUic>
    <QtUic Include="PropertySlider.ui">
      <Filter>Form Files</Filter>
    </QtUic>
    <QtUic Include="PropertyFloat.ui">
      <Filter>Form Files</Filter>
    </QtUic>
    <QtUic Include="PropertyHeader.ui">
      <Filter>Form Files</Filter>
    </QtUic>
    <QtUic Include="MainToolBar.ui">
      <Filter>Form Files</Filter>
    </QtUic>
    <QtUic Include="MainMenu.ui">
      <Filter>Form Files</Filter>
    </QtUic>
    <QtUic Include="Content.ui">
      <Filter>Form Files</Filter>
    </QtUic>
    <QtUic Include="LogicGraph.ui">
      <Filter>Form Files</Filter>
    </QtUic>
    <QtUic Include="LGProperties.ui">
      <Filter>Form Files</Filter>
    </QtUic>
    <QtUic Include="LGDesigner.ui">
      <Filter>Form Files</Filter>
    </QtUic>
    <QtUic Include="ConsoleOutput.ui">
      <Filter>Form Files</Filter>
    </QtUic>
  </ItemGroup>
  <ItemGroup>
    <ClInclude Include="CameraController.h">
      <Filter>Controllers</Filter>
    </ClInclude>
    <ClInclude Include="SceneController.h">
      <Filter>Controllers</Filter>
    </ClInclude>
    <ClInclude Include="SceneGizmo.h">
      <Filter>Controllers\Gizmo</Filter>
    </ClInclude>
    <ClInclude Include="TranslateGizmo.h">
      <Filter>Controllers\Gizmo</Filter>
    </ClInclude>
    <ClInclude Include="RotateGizmo.h">
      <Filter>Controllers\Gizmo</Filter>
    </ClInclude>
    <ClInclude Include="ScaleGizmo.h">
      <Filter>Controllers\Gizmo</Filter>
    </ClInclude>
    <ClInclude Include="SceneGrid.h">
      <Filter>Header Files</Filter>
    </ClInclude>
    <ClInclude Include="SceneSelectionOverlay.h">
      <Filter>Header Files</Filter>
    </ClInclude>
    <ClInclude Include="TerrainEditor.h">
      <Filter>Header Files</Filter>
    </ClInclude>
    <ClInclude Include="ConnectionItem.h">
      <Filter>Header Files</Filter>
    </ClInclude>
    <ClInclude Include="NodeRegistry.h">
      <Filter>Header Files</Filter>
    </ClInclude>
  </ItemGroup>
</Project>